
Microsoft Visual Studio Solution File, Format Version 12.00
# Visual Studio Version 17
VisualStudioVersion = 17.6.33723.286
MinimumVisualStudioVersion = 10.0.40219.1
Project("{FAE04EC0-301F-11D3-BF4B-00C04F79EFBC}") = "WSRSim3", "WSRSim3\WSRSim3.csproj", "{AA16A5B4-2081-4CDC-85D1-71C26554074B}"
EndProject
Global
	GlobalSection(SolutionConfigurationPlatforms) = preSolution
		Debug|Any CPU = Debug|Any CPU
		Release|Any CPU = Release|Any CPU
	EndGlobalSection
	GlobalSection(ProjectConfigurationPlatforms) = postSolution
		{AA16A5B4-2081-4CDC-85D1-71C26554074B}.Debug|Any CPU.ActiveCfg = Debug|Any CPU
		{AA16A5B4-2081-4CDC-85D1-71C26554074B}.Debug|Any CPU.Build.0 = Debug|Any CPU
		{AA16A5B4-2081-4CDC-85D1-71C26554074B}.Release|Any CPU.ActiveCfg = Release|Any CPU
		{AA16A5B4-2081-4CDC-85D1-71C26554074B}.Release|Any CPU.Build.0 = Release|Any CPU
	EndGlobalSection
	GlobalSection(SolutionProperties) = preSolution
		HideSolutionNode = FALSE
	EndGlobalSection
	GlobalSection(ExtensibilityGlobals) = postSolution
		SolutionGuid = {CA261956-1BAD-458C-9133-BEC394C354E6}
	EndGlobalSection
EndGlobal
